
Microsoft Visual Studio Solution File, Format Version 12.00
# Visual Studio Version 17
VisualStudioVersion = 17.0.31912.275
MinimumVisualStudioVersion = 10.0.40219.1
Project("{9A19103F-16F7-4668-BE54-9A1E7A4F7556}") = "CFGToolkit.ParserCombinator", "CFGToolkit.ParserCombinator\CFGToolkit.ParserCombinator.csproj", "{6CE915A1-0FBD-4FD5-A115-F7A26093F48F}"
EndProject
Project("{9A19103F-16F7-4668-BE54-9A1E7A4F7556}") = "CFGToolkit.ParserCombinator.Tests", "CFGToolkit.ParserCombinator.Tests\CFGToolkit.ParserCombinator.Tests.csproj", "{8D2131D9-5BBC-4FC0-B09E-2F3D4C239B58}"
EndProject
Global
	GlobalSection(SolutionConfigurationPlatforms) = preSolution
		Debug|Any CPU = Debug|Any CPU
		Release|Any CPU = Release|Any CPU
	EndGlobalSection
	GlobalSection(ProjectConfigurationPlatforms) = postSolution
		{6CE915A1-0FBD-4FD5-A115-F7A26093F48F}.Debug|Any CPU.ActiveCfg = Debug|Any CPU
		{6CE915A1-0FBD-4FD5-A115-F7A26093F48F}.Debug|Any CPU.Build.0 = Debug|Any CPU
		{6CE915A1-0FBD-4FD5-A115-F7A26093F48F}.Release|Any CPU.ActiveCfg = Release|Any CPU
		{6CE915A1-0FBD-4FD5-A115-F7A26093F48F}.Release|Any CPU.Build.0 = Release|Any CPU
		{8D2131D9-5BBC-4FC0-B09E-2F3D4C239B58}.Debug|Any CPU.ActiveCfg = Debug|Any CPU
		{8D2131D9-5BBC-4FC0-B09E-2F3D4C239B58}.Debug|Any CPU.Build.0 = Debug|Any CPU
		{8D2131D9-5BBC-4FC0-B09E-2F3D4C239B58}.Release|Any CPU.ActiveCfg = Release|Any CPU
		{8D2131D9-5BBC-4FC0-B09E-2F3D4C239B58}.Release|Any CPU.Build.0 = Release|Any CPU
	EndGlobalSection
	GlobalSection(SolutionProperties) = preSolution
		HideSolutionNode = FALSE
	EndGlobalSection
	GlobalSection(ExtensibilityGlobals) = postSolution
		SolutionGuid = {DC519A1A-BF22-4DDD-84E4-F76C2EC85FB1}
	EndGlobalSection
EndGlobal
